
Microsoft Visual Studio Solution File, Format Version 12.00
# Visual Studio Version 17
VisualStudioVersion = 17.0.31903.59
MinimumVisualStudioVersion = 10.0.40219.1
Project("{FAE04EC0-301F-11D3-BF4B-00C04F79EFBC}") = "gkweb.api.types", "apiObjects\gkweb.api.types.csproj", "{696FD875-34C2-459E-9E34-ED201A61B575}"
EndProject
Project("{FAE04EC0-301F-11D3-BF4B-00C04F79EFBC}") = "gkwebNew", "gkwebNew\gkwebNew.csproj", "{EE52D1D5-CB41-4391-973C-82D734A0764A}"
EndProject
Global
	GlobalSection(SolutionConfigurationPlatforms) = preSolution
		Debug|Any CPU = Debug|Any CPU
		Debug|x64 = Debug|x64
		Debug|x86 = Debug|x86
		Release|Any CPU = Release|Any CPU
		Release|x64 = Release|x64
		Release|x86 = Release|x86
	EndGlobalSection
	GlobalSection(ProjectConfigurationPlatforms) = postSolution
		{696FD875-34C2-459E-9E34-ED201A61B575}.Debug|Any CPU.ActiveCfg = Debug|Any CPU
		{696FD875-34C2-459E-9E34-ED201A61B575}.Debug|Any CPU.Build.0 = Debug|Any CPU
		{696FD875-34C2-459E-9E34-ED201A61B575}.Debug|x64.ActiveCfg = Debug|Any CPU
		{696FD875-34C2-459E-9E34-ED201A61B575}.Debug|x64.Build.0 = Debug|Any CPU
		{696FD875-34C2-459E-9E34-ED201A61B575}.Debug|x86.ActiveCfg = Debug|Any CPU
		{696FD875-34C2-459E-9E34-ED201A61B575}.Debug|x86.Build.0 = Debug|Any CPU
		{696FD875-34C2-459E-9E34-ED201A61B575}.Release|Any CPU.ActiveCfg = Release|Any CPU
		{696FD875-34C2-459E-9E34-ED201A61B575}.Release|Any CPU.Build.0 = Release|Any CPU
		{696FD875-34C2-459E-9E34-ED201A61B575}.Release|x64.ActiveCfg = Release|Any CPU
		{696FD875-34C2-459E-9E34-ED201A61B575}.Release|x64.Build.0 = Release|Any CPU
		{696FD875-34C2-459E-9E34-ED201A61B575}.Release|x86.ActiveCfg = Release|Any CPU
		{696FD875-34C2-459E-9E34-ED201A61B575}.Release|x86.Build.0 = Release|Any CPU
		{EE52D1D5-CB41-4391-973C-82D734A0764A}.Debug|Any CPU.ActiveCfg = Debug|Any CPU
		{EE52D1D5-CB41-4391-973C-82D734A0764A}.Debug|Any CPU.Build.0 = Debug|Any CPU
		{EE52D1D5-CB41-4391-973C-82D734A0764A}.Debug|x64.ActiveCfg = Debug|Any CPU
		{EE52D1D5-CB41-4391-973C-82D734A0764A}.Debug|x64.Build.0 = Debug|Any CPU
		{EE52D1D5-CB41-4391-973C-82D734A0764A}.Debug|x86.ActiveCfg = Debug|Any CPU
		{EE52D1D5-CB41-4391-973C-82D734A0764A}.Debug|x86.Build.0 = Debug|Any CPU
		{EE52D1D5-CB41-4391-973C-82D734A0764A}.Release|Any CPU.ActiveCfg = Release|Any CPU
		{EE52D1D5-CB41-4391-973C-82D734A0764A}.Release|Any CPU.Build.0 = Release|Any CPU
		{EE52D1D5-CB41-4391-973C-82D734A0764A}.Release|x64.ActiveCfg = Release|Any CPU
		{EE52D1D5-CB41-4391-973C-82D734A0764A}.Release|x64.Build.0 = Release|Any CPU
		{EE52D1D5-CB41-4391-973C-82D734A0764A}.Release|x86.ActiveCfg = Release|Any CPU
		{EE52D1D5-CB41-4391-973C-82D734A0764A}.Release|x86.Build.0 = Release|Any CPU
	EndGlobalSection
	GlobalSection(SolutionProperties) = preSolution
		HideSolutionNode = FALSE
	EndGlobalSection
EndGlobal
